// !$*UTF8*$!
{
	archiveVersion = 1;
	classes = {
	};
	objectVersion = 56;
	objects = {

/* Begin PBXBuildFile section */
		9A0DDBEA289598F700EF42E0 /* BasicArgumentBuffersApp.swift in Sources */ = {isa = PBXBuildFile; fileRef = 9A0DDBE9289598F700EF42E0 /* BasicArgumentBuffersApp.swift */; };
		9A0DDBEC289598F700EF42E0 /* MetalView.swift in Sources */ = {isa = PBXBuildFile; fileRef = 9A0DDBEB289598F700EF42E0 /* MetalView.swift */; };
		9A0DDBEE289598F800EF42E0 /* Assets.xcassets in Resources */ = {isa = PBXBuildFile; fileRef = 9A0DDBED289598F800EF42E0 /* Assets.xcassets */; };
		9A0DDBF92895999400EF42E0 /* Renderer.swift in Sources */ = {isa = PBXBuildFile; fileRef = 9A0DDBF82895999400EF42E0 /* Renderer.swift */; };
		9A0DDBFB28959A1900EF42E0 /* AAPLShaders.metal in Sources */ = {isa = PBXBuildFile; fileRef = 9A0DDBFA28959A1900EF42E0 /* AAPLShaders.metal */; };
/* End PBXBuildFile section */

/* Begin PBXFileReference section */
		9A0DDBE6289598F700EF42E0 /* BasicArgumentBuffers.app */ = {isa = PBXFileReference; explicitFileType = wrapper.application; includeInIndex = 0; path = BasicArgumentBuffers.app; sourceTree = BUILT_PRODUCTS_DIR; };
		9A0DDBE9289598F700EF42E0 /* BasicArgumentBuffersApp.swift */ = {isa = PBXFileReference; lastKnownFileType = sourcecode.swift; path = BasicArgumentBuffersApp.swift; sourceTree = "<group>"; };
		9A0DDBEB289598F700EF42E0 /* MetalView.swift */ = {isa = PBXFileReference; lastKnownFileType = sourcecode.swift; path = MetalView.swift; sourceTree = "<group>"; };
		9A0DDBED289598F800EF42E0 /* Assets.xcassets */ = {isa = PBXFileReference; lastKnownFileType = folder.assetcatalog; path = Assets.xcassets; sourceTree = "<group>"; };
		9A0DDBF2289598F800EF42E0 /* BasicArgumentBuffers.entitlements */ = {isa = PBXFileReference; lastKnownFileType = text.plist.entitlements; path = BasicArgumentBuffers.entitlements; sourceTree = "<group>"; };
		9A0DDBF82895999400EF42E0 /* Renderer.swift */ = {isa = PBXFileReference; lastKnownFileType = sourcecode.swift; path = Renderer.swift; sourceTree = "<group>"; };
		9A0DDBFA28959A1900EF42E0 /* AAPLShaders.metal */ = {isa = PBXFileReference; lastKnownFileType = sourcecode.metal; path = AAPLShaders.metal; sourceTree = "<group>"; };
		9A0DDBFC28959A2C00EF42E0 /* BasicArgumentBuffers-Bridging-Header.h */ = {isa = PBXFileReference; lastKnownFileType = sourcecode.c.h; path = "BasicArgumentBuffers-Bridging-Header.h"; sourceTree = "<group>"; };
		9A0DDC0028959A4100EF42E0 /* AAPLShaderTypes.h */ = {isa = PBXFileReference; lastKnownFileType = sourcecode.c.h; path = AAPLShaderTypes.h; sourceTree = "<group>"; };
/* End PBXFileReference section */

/* Begin PBXFrameworksBuildPhase section */
		9A0DDBE3289598F700EF42E0 /* Frameworks */ = {
			isa = PBXFrameworksBuildPhase;
			buildActionMask = 2147483647;
			files = (
			);
			runOnlyForDeploymentPostprocessing = 0;
		};
/* End PBXFrameworksBuildPhase section */

/* Begin PBXGroup section */
		9A0DDBDD289598F700EF42E0 = {
			isa = PBXGroup;
			children = (
				9A0DDBE8289598F700EF42E0 /* BasicArgumentBuffers */,
				9A0DDBE7289598F700EF42E0 /* Products */,
			);
			sourceTree = "<group>";
		};
		9A0DDBE7289598F700EF42E0 /* Products */ = {
			isa = PBXGroup;
			children = (
				9A0DDBE6289598F700EF42E0 /* BasicArgumentBuffers.app */,
			);
			name = Products;
			sourceTree = "<group>";
		};
		9A0DDBE8289598F700EF42E0 /* BasicArgumentBuffers */ = {
			isa = PBXGroup;
			children = (
				9A0DDBE9289598F700EF42E0 /* BasicArgumentBuffersApp.swift */,
				9A0DDBEB289598F700EF42E0 /* MetalView.swift */,
				9A0DDBF82895999400EF42E0 /* Renderer.swift */,
				9A0DDBFA28959A1900EF42E0 /* AAPLShaders.metal */,
				9A0DDC0028959A4100EF42E0 /* AAPLShaderTypes.h */,
				9A0DDBED289598F800EF42E0 /* Assets.xcassets */,
				9A0DDBF2289598F800EF42E0 /* BasicArgumentBuffers.entitlements */,
				9A0DDBFC28959A2C00EF42E0 /* BasicArgumentBuffers-Bridging-Header.h */,
			);
			path = BasicArgumentBuffers;
			sourceTree = "<group>";
		};
/* End PBXGroup section */

/* Begin PBXNativeTarget section */
		9A0DDBE5289598F700EF42E0 /* BasicArgumentBuffers */ = {
			isa = PBXNativeTarget;
			buildConfigurationList = 9A0DDBF5289598F800EF42E0 /* Build configuration list for PBXNativeTarget "BasicArgumentBuffers" */;
			buildPhases = (
				9A0DDBE2289598F700EF42E0 /* Sources */,
				9A0DDBE3289598F700EF42E0 /* Frameworks */,
				9A0DDBE4289598F700EF42E0 /* Resources */,
			);
			buildRules = (
			);
			dependencies = (
			);
			name = BasicArgumentBuffers;
			productName = BasicArgumentBuffers;
			productReference = 9A0DDBE6289598F700EF42E0 /* BasicArgumentBuffers.app */;
			productType = "com.apple.product-type.application";
		};
/* End PBXNativeTarget section */

/* Begin PBXProject section */
		9A0DDBDE289598F700EF42E0 /* Project object */ = {
			isa = PBXProject;
			attributes = {
				BuildIndependentTargetsInParallel = 1;
				LastSwiftUpdateCheck = 1400;
				LastUpgradeCheck = 1400;
				TargetAttributes = {
					9A0DDBE5289598F700EF42E0 = {
						CreatedOnToolsVersion = 14.0;
						LastSwiftMigration = 1400;
					};
				};
			};
			buildConfigurationList = 9A0DDBE1289598F700EF42E0 /* Build configuration list for PBXProject "BasicArgumentBuffers" */;
			compatibilityVersion = "Xcode 14.0";
			developmentRegion = en;
			hasScannedForEncodings = 0;
			knownRegions = (
				en,
				Base,
			);
			mainGroup = 9A0DDBDD289598F700EF42E0;
			productRefGroup = 9A0DDBE7289598F700EF42E0 /* Products */;
			projectDirPath = "";
			projectRoot = "";
			targets = (
				9A0DDBE5289598F700EF42E0 /* BasicArgumentBuffers */,
			);
		};
/* End PBXProject section */

/* Begin PBXResourcesBuildPhase section */
		9A0DDBE4289598F700EF42E0 /* Resources */ = {
			isa = PBXResourcesBuildPhase;
			buildActionMask = 2147483647;
			files = (
				9A0DDBEE289598F800EF42E0 /* Assets.xcassets in Resources */,
			);
			runOnlyForDeploymentPostprocessing = 0;
		};
/* End PBXResourcesBuildPhase section */

/* Begin PBXSourcesBuildPhase section */
		9A0DDBE2289598F700EF42E0 /* Sources */ = {
			isa = PBXSourcesBuildPhase;
			buildActionMask = 2147483647;
			files = (
				9A0DDBEC289598F700EF42E0 /* MetalView.swift in Sources */,
				9A0DDBF92895999400EF42E0 /* Renderer.swift in Sources */,
				9A0DDBFB28959A1900EF42E0 /* AAPLShaders.metal in Sources */,
				9A0DDBEA289598F700EF42E0 /* BasicArgumentBuffersApp.swift in Sources */,
			);
			runOnlyForDeploymentPostprocessing = 0;
		};
/* End PBXSourcesBuildPhase section */

/* Begin XCBuildConfiguration section */
		9A0DDBF3289598F800EF42E0 /* Debug */ = {
			isa = XCBuildConfiguration;
			buildSettings = {
				ALWAYS_SEARCH_USER_PATHS = NO;
				CLANG_ANALYZER_NONNULL = YES;
				CLANG_ANALYZER_NUMBER_OBJECT_CONVERSION = YES_AGGRESSIVE;
				CLANG_CXX_LANGUAGE_STANDARD = "gnu++20";
				CLANG_ENABLE_MODULES = YES;
				CLANG_ENABLE_OBJC_ARC = YES;
				CLANG_ENABLE_OBJC_WEAK = YES;
				CLANG_WARN_BLOCK_CAPTURE_AUTORELEASING = YES;
				CLANG_WARN_BOOL_CONVERSION = YES;
				CLANG_WARN_COMMA = YES;
				CLANG_WARN_CONSTANT_CONVERSION = YES;
				CLANG_WARN_DEPRECATED_OBJC_IMPLEMENTATIONS = YES;
				CLANG_WARN_DIRECT_OBJC_ISA_USAGE = YES_ERROR;
				CLANG_WARN_DOCUMENTATION_COMMENTS = YES;
				CLANG_WARN_EMPTY_BODY = YES;
				CLANG_WARN_ENUM_CONVERSION = YES;
				CLANG_WARN_INFINITE_RECURSION = YES;
				CLANG_WARN_INT_CONVERSION = YES;
				CLANG_WARN_NON_LITERAL_NULL_CONVERSION = YES;
				CLANG_WARN_OBJC_IMPLICIT_RETAIN_SELF = YES;
				CLANG_WARN_OBJC_LITERAL_CONVERSION = YES;
				CLANG_WARN_OBJC_ROOT_CLASS = YES_ERROR;
				CLANG_WARN_QUOTED_INCLUDE_IN_FRAMEWORK_HEADER = YES;
				CLANG_WARN_RANGE_LOOP_ANALYSIS = YES;
				CLANG_WARN_STRICT_PROTOTYPES = YES;
				CLANG_WARN_SUSPICIOUS_MOVE = YES;
				CLANG_WARN_UNGUARDED_AVAILABILITY = YES_AGGRESSIVE;
				CLANG_WARN_UNREACHABLE_CODE = YES;
				CLANG_WARN__DUPLICATE_METHOD_MATCH = YES;
				COPY_PHASE_STRIP = NO;
				DEBUG_INFORMATION_FORMAT = dwarf;
				ENABLE_STRICT_OBJC_MSGSEND = YES;
				ENABLE_TESTABILITY = YES;
				GCC_C_LANGUAGE_STANDARD = gnu11;
				GCC_DYNAMIC_NO_PIC = NO;
				GCC_NO_COMMON_BLOCKS = YES;
				GCC_OPTIMIZATION_LEVEL = 0;
				GCC_PREPROCESSOR_DEFINITIONS = (
					"DEBUG=1",
					"$(inherited)",
				);
				GCC_WARN_64_TO_32_BIT_CONVERSION = YES;
				GCC_WARN_ABOUT_RETURN_TYPE = YES_ERROR;
				GCC_WARN_UNDECLARED_SELECTOR = YES;
				GCC_WARN_UNINITIALIZED_AUTOS = YES_AGGRESSIVE;
				GCC_WARN_UNUSED_FUNCTION = YES;
				GCC_WARN_UNUSED_VARIABLE = YES;
				MACOSX_DEPLOYMENT_TARGET = 13.0;
				MTL_ENABLE_DEBUG_INFO = INCLUDE_SOURCE;
				MTL_FAST_MATH = YES;
				ONLY_ACTIVE_ARCH = YES;
				SDKROOT = macosx;
				SWIFT_ACTIVE_COMPILATION_CONDITIONS = DEBUG;
				SWIFT_OPTIMIZATION_LEVEL = "-Onone";
			};
			name = Debug;
		};
		9A0DDBF4289598F800EF42E0 /* Release */ = {
			isa = XCBuildConfiguration;
			buildSettings = {
				ALWAYS_SEARCH_USER_PATHS = NO;
				CLANG_ANALYZER_NONNULL = YES;
				CLANG_ANALYZER_NUMBER_OBJECT_CONVERSION = YES_AGGRESSIVE;
				CLANG_CXX_LANGUAGE_STANDARD = "gnu++20";
				CLANG_ENABLE_MODULES = YES;
				CLANG_ENABLE_OBJC_ARC = YES;
				CLANG_ENABLE_OBJC_WEAK = YES;
				CLANG_WARN_BLOCK_CAPTURE_AUTORELEASING = YES;
				CLANG_WARN_BOOL_CONVERSION = YES;
				CLANG_WARN_COMMA = YES;
				CLANG_WARN_CONSTANT_CONVERSION = YES;
				CLANG_WARN_DEPRECATED_OBJC_IMPLEMENTATIONS = YES;
				CLANG_WARN_DIRECT_OBJC_ISA_USAGE = YES_ERROR;
				CLANG_WARN_DOCUMENTATION_COMMENTS = YES;
				CLANG_WARN_EMPTY_BODY = YES;
				CLANG_WARN_ENUM_CONVERSION = YES;
				CLANG_WARN_INFINITE_RECURSION = YES;
				CLANG_WARN_INT_CONVERSION = YES;
				CLANG_WARN_NON_LITERAL_NULL_CONVERSION = YES;
				CLANG_WARN_OBJC_IMPLICIT_RETAIN_SELF = YES;
				CLANG_WARN_OBJC_LITERAL_CONVERSION = YES;
				CLANG_WARN_OBJC_ROOT_CLASS = YES_ERROR;
				CLANG_WARN_QUOTED_INCLUDE_IN_FRAMEWORK_HEADER = YES;
				CLANG_WARN_RANGE_LOOP_ANALYSIS = YES;
				CLANG_WARN_STRICT_PROTOTYPES = YES;
				CLANG_WARN_SUSPICIOUS_MOVE = YES;
				CLANG_WARN_UNGUARDED_AVAILABILITY = YES_AGGRESSIVE;
				CLANG_WARN_UNREACHABLE_CODE = YES;
				CLANG_WARN__DUPLICATE_METHOD_MATCH = YES;
				COPY_PHASE_STRIP = NO;
				DEBUG_INFORMATION_FORMAT = "dwarf-with-dsym";
				ENABLE_NS_ASSERTIONS = NO;
				ENABLE_STRICT_OBJC_MSGSEND = YES;
				GCC_C_LANGUAGE_STANDARD = gnu11;
				GCC_NO_COMMON_BLOCKS = YES;
				GCC_WARN_64_TO_32_BIT_CONVERSION = YES;
				GCC_WARN_ABOUT_RETURN_TYPE = YES_ERROR;
				GCC_WARN_UNDECLARED_SELECTOR = YES;
				GCC_WARN_UNINITIALIZED_AUTOS = YES_AGGRESSIVE;
				GCC_WARN_UNUSED_FUNCTION = YES;
				GCC_WARN_UNUSED_VARIABLE = YES;
				MACOSX_DEPLOYMENT_TARGET = 13.0;
				MTL_ENABLE_DEBUG_INFO = NO;
				MTL_FAST_MATH = YES;
				SDKROOT = macosx;
				SWIFT_COMPILATION_MODE = wholemodule;
				SWIFT_OPTIMIZATION_LEVEL = "-O";
			};
			name = Release;
		};
		9A0DDBF6289598F800EF42E0 /* Debug */ = {
			isa = XCBuildConfiguration;
			buildSettings = {
				ASSETCATALOG_COMPILER_APPICON_NAME = AppIcon;
				ASSETCATALOG_COMPILER_GLOBAL_ACCENT_COLOR_NAME = AccentColor;
				CLANG_ENABLE_MODULES = YES;
				CODE_SIGN_ENTITLEMENTS = BasicArgumentBuffers/BasicArgumentBuffers.entitlements;
				CODE_SIGN_STYLE = Automatic;
				COMBINE_HIDPI_IMAGES = YES;
				CURRENT_PROJECT_VERSION = 1;
				DEVELOPMENT_TEAM = 232RDC7V36;
				ENABLE_HARDENED_RUNTIME = YES;
				ENABLE_PREVIEWS = YES;
				GENERATE_INFOPLIST_FILE = YES;
				INFOPLIST_KEY_NSHumanReadableCopyright = "";
				LD_RUNPATH_SEARCH_PATHS = (
					"$(inherited)",
					"@executable_path/../Frameworks",
				);
				MARKETING_VERSION = 1.0;
				PRODUCT_BUNDLE_IDENTIFIER = jonmhobson.BasicArgumentBuffers;
				PRODUCT_NAME = "$(TARGET_NAME)";
				SWIFT_EMIT_LOC_STRINGS = YES;
				SWIFT_OBJC_BRIDGING_HEADER = "BasicArgumentBuffers/BasicArgumentBuffers-Bridging-Header.h";
				SWIFT_OPTIMIZATION_LEVEL = "-Onone";
				SWIFT_VERSION = 5.0;
			};
			name = Debug;
		};
		9A0DDBF7289598F800EF42E0 /* Release */ = {
			isa = XCBuildConfiguration;
			buildSettings = {
				ASSETCATALOG_COMPILER_APPICON_NAME = AppIcon;
				ASSETCATALOG_COMPILER_GLOBAL_ACCENT_COLOR_NAME = AccentColor;
				CLANG_ENABLE_MODULES = YES;
				CODE_SIGN_ENTITLEMENTS = BasicArgumentBuffers/BasicArgumentBuffers.entitlements;
				CODE_SIGN_STYLE = Automatic;
				COMBINE_HIDPI_IMAGES = YES;
				CURRENT_PROJECT_VERSION = 1;
				DEVELOPMENT_TEAM = 232RDC7V36;
				ENABLE_HARDENED_RUNTIME = YES;
				ENABLE_PREVIEWS = YES;
				GENERATE_INFOPLIST_FILE = YES;
				INFOPLIST_KEY_NSHumanReadableCopyright = "";
				LD_RUNPATH_SEARCH_PATHS = (
					"$(inherited)",
					"@executable_path/../Frameworks",
				);
				MARKETING_VERSION = 1.0;
				PRODUCT_BUNDLE_IDENTIFIER = jonmhobson.BasicArgumentBuffers;
				PRODUCT_NAME = "$(TARGET_NAME)";
				SWIFT_EMIT_LOC_STRINGS = YES;
				SWIFT_OBJC_BRIDGING_HEADER = "BasicArgumentBuffers/BasicArgumentBuffers-Bridging-Header.h";
				SWIFT_VERSION = 5.0;
			};
			name = Release;
		};
/* End XCBuildConfiguration section */

/* Begin XCConfigurationList section */
		9A0DDBE1289598F700EF42E0 /* Build configuration list for PBXProject "BasicArgumentBuffers" */ = {
			isa = XCConfigurationList;
			buildConfigurations = (
				9A0DDBF3289598F800EF42E0 /* Debug */,
				9A0DDBF4289598F800EF42E0 /* Release */,
			);
			defaultConfigurationIsVisible = 0;
			defaultConfigurationName = Release;
		};
		9A0DDBF5289598F800EF42E0 /* Build configuration list for PBXNativeTarget "BasicArgumentBuffers" */ = {
			isa = XCConfigurationList;
			buildConfigurations = (
				9A0DDBF6289598F800EF42E0 /* Debug */,
				9A0DDBF7289598F800EF42E0 /* Release */,
			);
			defaultConfigurationIsVisible = 0;
			defaultConfigurationName = Release;
		};
/* End XCConfigurationList section */
	};
	rootObject = 9A0DDBDE289598F700EF42E0 /* Project object */;
}
